
Microsoft Visual Studio Solution File, Format Version 12.00
# Visual Studio Version 16
VisualStudioVersion = 16.0.32228.343
MinimumVisualStudioVersion = 10.0.40219.1
Project("{FAE04EC0-301F-11D3-BF4B-00C04F79EFBC}") = "project04.04", "project04.04\project04.04.csproj", "{96FC26DA-0B6B-4D1E-902B-DB4A9A30FFA3}"
EndProject
Global
	GlobalSection(SolutionConfigurationPlatforms) = preSolution
		Debug|Any CPU = Debug|Any CPU
		Release|Any CPU = Release|Any CPU
	EndGlobalSection
	GlobalSection(ProjectConfigurationPlatforms) = postSolution
		{96FC26DA-0B6B-4D1E-902B-DB4A9A30FFA3}.Debug|Any CPU.ActiveCfg = Debug|Any CPU
		{96FC26DA-0B6B-4D1E-902B-DB4A9A30FFA3}.Debug|Any CPU.Build.0 = Debug|Any CPU
		{96FC26DA-0B6B-4D1E-902B-DB4A9A30FFA3}.Release|Any CPU.ActiveCfg = Release|Any CPU
		{96FC26DA-0B6B-4D1E-902B-DB4A9A30FFA3}.Release|Any CPU.Build.0 = Release|Any CPU
	EndGlobalSection
	GlobalSection(SolutionProperties) = preSolution
		HideSolutionNode = FALSE
	EndGlobalSection
	GlobalSection(ExtensibilityGlobals) = postSolution
		SolutionGuid = {DB933523-4C64-4A28-9960-D4C7D400A4DD}
	EndGlobalSection
EndGlobal
